
Microsoft Visual Studio Solution File, Format Version 12.00
# Visual Studio Version 17
VisualStudioVersion = 17.13.35919.96 d17.13
MinimumVisualStudioVersion = 10.0.40219.1
Project("{FAE04EC0-301F-11D3-BF4B-00C04F79EFBC}") = "manejoDeArchivos", "manejoDeArchivos\manejoDeArchivos.csproj", "{96B27502-B9E1-4331-A863-4BA3D390540C}"
EndProject
Global
	GlobalSection(SolutionConfigurationPlatforms) = preSolution
		Debug|Any CPU = Debug|Any CPU
		Release|Any CPU = Release|Any CPU
	EndGlobalSection
	GlobalSection(ProjectConfigurationPlatforms) = postSolution
		{96B27502-B9E1-4331-A863-4BA3D390540C}.Debug|Any CPU.ActiveCfg = Debug|Any CPU
		{96B27502-B9E1-4331-A863-4BA3D390540C}.Debug|Any CPU.Build.0 = Debug|Any CPU
		{96B27502-B9E1-4331-A863-4BA3D390540C}.Release|Any CPU.ActiveCfg = Release|Any CPU
		{96B27502-B9E1-4331-A863-4BA3D390540C}.Release|Any CPU.Build.0 = Release|Any CPU
	EndGlobalSection
	GlobalSection(SolutionProperties) = preSolution
		HideSolutionNode = FALSE
	EndGlobalSection
	GlobalSection(ExtensibilityGlobals) = postSolution
		SolutionGuid = {92DEDBFC-9596-4211-AE7B-39ADF15E89CE}
	EndGlobalSection
EndGlobal
